
Microsoft Visual Studio Solution File, Format Version 12.00
# Visual Studio 14
VisualStudioVersion = 14.0.25123.0
MinimumVisualStudioVersion = 10.0.40219.1
Project("{FAE04EC0-301F-11D3-BF4B-00C04F79EFBC}") = "TrizbortLanguageParser", "TrizbortLanguageParser\TrizbortLanguageParser.csproj", "{4CAF27D4-CA07-48BB-8394-AB54FF4E1766}"
EndProject
Project("{FAE04EC0-301F-11D3-BF4B-00C04F79EFBC}") = "Test_TLP", "Test_TLP\Test_TLP.csproj", "{F0D33EF0-075D-4A5C-90E8-80D4DF10E81F}"
EndProject
Global
	GlobalSection(SolutionConfigurationPlatforms) = preSolution
		Debug|Any CPU = Debug|Any CPU
		Release|Any CPU = Release|Any CPU
	EndGlobalSection
	GlobalSection(ProjectConfigurationPlatforms) = postSolution
		{4CAF27D4-CA07-48BB-8394-AB54FF4E1766}.Debug|Any CPU.ActiveCfg = Debug|Any CPU
		{4CAF27D4-CA07-48BB-8394-AB54FF4E1766}.Debug|Any CPU.Build.0 = Debug|Any CPU
		{4CAF27D4-CA07-48BB-8394-AB54FF4E1766}.Release|Any CPU.ActiveCfg = Release|Any CPU
		{4CAF27D4-CA07-48BB-8394-AB54FF4E1766}.Release|Any CPU.Build.0 = Release|Any CPU
		{F0D33EF0-075D-4A5C-90E8-80D4DF10E81F}.Debug|Any CPU.ActiveCfg = Debug|Any CPU
		{F0D33EF0-075D-4A5C-90E8-80D4DF10E81F}.Debug|Any CPU.Build.0 = Debug|Any CPU
		{F0D33EF0-075D-4A5C-90E8-80D4DF10E81F}.Release|Any CPU.ActiveCfg = Release|Any CPU
		{F0D33EF0-075D-4A5C-90E8-80D4DF10E81F}.Release|Any CPU.Build.0 = Release|Any CPU
	EndGlobalSection
	GlobalSection(SolutionProperties) = preSolution
		HideSolutionNode = FALSE
	EndGlobalSection
EndGlobal
